// !$*UTF8*$!
{
	archiveVersion = 1;
	classes = {
	};
	objectVersion = 46;
	objects = {

/* Begin PBXBuildFile section */
		1F78185C1E8CE863006C4D5C /* AppDelegate.swift in Sources */ = {isa = PBXBuildFile; fileRef = 1F78185B1E8CE863006C4D5C /* AppDelegate.swift */; };
		1F78185E1E8CE863006C4D5C /* ViewController.swift in Sources */ = {isa = PBXBuildFile; fileRef = 1F78185D1E8CE863006C4D5C /* ViewController.swift */; };
		1F7818611E8CE863006C4D5C /* Main.storyboard in Resources */ = {isa = PBXBuildFile; fileRef = 1F78185F1E8CE863006C4D5C /* Main.storyboard */; };
		1F7818631E8CE863006C4D5C /* Assets.xcassets in Resources */ = {isa = PBXBuildFile; fileRef = 1F7818621E8CE863006C4D5C /* Assets.xcassets */; };
		1F7818661E8CE863006C4D5C /* LaunchScreen.storyboard in Resources */ = {isa = PBXBuildFile; fileRef = 1F7818641E8CE863006C4D5C /* LaunchScreen.storyboard */; };
		1F7818711E8CE863006C4D5C /* CDLX_swiftTests.swift in Sources */ = {isa = PBXBuildFile; fileRef = 1F7818701E8CE863006C4D5C /* CDLX_swiftTests.swift */; };
		1F78187C1E8CE863006C4D5C /* CDLX_swiftUITests.swift in Sources */ = {isa = PBXBuildFile; fileRef = 1F78187B1E8CE863006C4D5C /* CDLX_swiftUITests.swift */; };
/* End PBXBuildFile section */

/* Begin PBXContainerItemProxy section */
		1F78186D1E8CE863006C4D5C /* PBXContainerItemProxy */ = {
			isa = PBXContainerItemProxy;
			containerPortal = 1F7818501E8CE863006C4D5C /* Project object */;
			proxyType = 1;
			remoteGlobalIDString = 1F7818571E8CE863006C4D5C;
			remoteInfo = "CDLX-swift";
		};
		1F7818781E8CE863006C4D5C /* PBXContainerItemProxy */ = {
			isa = PBXContainerItemProxy;
			containerPortal = 1F7818501E8CE863006C4D5C /* Project object */;
			proxyType = 1;
			remoteGlobalIDString = 1F7818571E8CE863006C4D5C;
			remoteInfo = "CDLX-swift";
		};
/* End PBXContainerItemProxy section */

/* Begin PBXFileReference section */
		1F7818581E8CE863006C4D5C /* CDLX-swift.app */ = {isa = PBXFileReference; explicitFileType = wrapper.application; includeInIndex = 0; path = "CDLX-swift.app"; sourceTree = BUILT_PRODUCTS_DIR; };
		1F78185B1E8CE863006C4D5C /* AppDelegate.swift */ = {isa = PBXFileReference; lastKnownFileType = sourcecode.swift; path = AppDelegate.swift; sourceTree = "<group>"; };
		1F78185D1E8CE863006C4D5C /* ViewController.swift */ = {isa = PBXFileReference; lastKnownFileType = sourcecode.swift; path = ViewController.swift; sourceTree = "<group>"; };
		1F7818601E8CE863006C4D5C /* Base */ = {isa = PBXFileReference; lastKnownFileType = file.storyboard; name = Base; path = Base.lproj/Main.storyboard; sourceTree = "<group>"; };
		1F7818621E8CE863006C4D5C /* Assets.xcassets */ = {isa = PBXFileReference; lastKnownFileType = folder.assetcatalog; path = Assets.xcassets; sourceTree = "<group>"; };
		1F7818651E8CE863006C4D5C /* Base */ = {isa = PBXFileReference; lastKnownFileType = file.storyboard; name = Base; path = Base.lproj/LaunchScreen.storyboard; sourceTree = "<group>"; };
		1F7818671E8CE863006C4D5C /* Info.plist */ = {isa = PBXFileReference; lastKnownFileType = text.plist.xml; path = Info.plist; sourceTree = "<group>"; };
		1F78186C1E8CE863006C4D5C /* CDLX-swiftTests.xctest */ = {isa = PBXFileReference; explicitFileType = wrapper.cfbundle; includeInIndex = 0; path = "CDLX-swiftTests.xctest"; sourceTree = BUILT_PRODUCTS_DIR; };
		1F7818701E8CE863006C4D5C /* CDLX_swiftTests.swift */ = {isa = PBXFileReference; lastKnownFileType = sourcecode.swift; path = CDLX_swiftTests.swift; sourceTree = "<group>"; };
		1F7818721E8CE863006C4D5C /* Info.plist */ = {isa = PBXFileReference; lastKnownFileType = text.plist.xml; path = Info.plist; sourceTree = "<group>"; };
		1F7818771E8CE863006C4D5C /* CDLX-swiftUITests.xctest */ = {isa = PBXFileReference; explicitFileType = wrapper.cfbundle; includeInIndex = 0; path = "CDLX-swiftUITests.xctest"; sourceTree = BUILT_PRODUCTS_DIR; };
		1F78187B1E8CE863006C4D5C /* CDLX_swiftUITests.swift */ = {isa = PBXFileReference; lastKnownFileType = sourcecode.swift; path = CDLX_swiftUITests.swift; sourceTree = "<group>"; };
		1F78187D1E8CE863006C4D5C /* Info.plist */ = {isa = PBXFileReference; lastKnownFileType = text.plist.xml; path = Info.plist; sourceTree = "<group>"; };
/* End PBXFileReference section */

/* Begin PBXFrameworksBuildPhase section */
		1F7818551E8CE863006C4D5C /* Frameworks */ = {
			isa = PBXFrameworksBuildPhase;
			buildActionMask = 2147483647;
			files = (
			);
			runOnlyForDeploymentPostprocessing = 0;
		};
		1F7818691E8CE863006C4D5C /* Frameworks */ = {
			isa = PBXFrameworksBuildPhase;
			buildActionMask = 2147483647;
			files = (
			);
			runOnlyForDeploymentPostprocessing = 0;
		};
		1F7818741E8CE863006C4D5C /* Frameworks */ = {
			isa = PBXFrameworksBuildPhase;
			buildActionMask = 2147483647;
			files = (
			);
			runOnlyForDeploymentPostprocessing = 0;
		};
/* End PBXFrameworksBuildPhase section */

/* Begin PBXGroup section */
		1F78184F1E8CE863006C4D5C = {
			isa = PBXGroup;
			children = (
				1F78185A1E8CE863006C4D5C /* CDLX-swift */,
				1F78186F1E8CE863006C4D5C /* CDLX-swiftTests */,
				1F78187A1E8CE863006C4D5C /* CDLX-swiftUITests */,
				1F7818591E8CE863006C4D5C /* Products */,
			);
			sourceTree = "<group>";
		};
		1F7818591E8CE863006C4D5C /* Products */ = {
			isa = PBXGroup;
			children = (
				1F7818581E8CE863006C4D5C /* CDLX-swift.app */,
				1F78186C1E8CE863006C4D5C /* CDLX-swiftTests.xctest */,
				1F7818771E8CE863006C4D5C /* CDLX-swiftUITests.xctest */,
			);
			name = Products;
			sourceTree = "<group>";
		};
		1F78185A1E8CE863006C4D5C /* CDLX-swift */ = {
			isa = PBXGroup;
			children = (
				1F78185B1E8CE863006C4D5C /* AppDelegate.swift */,
				1F78185D1E8CE863006C4D5C /* ViewController.swift */,
				1F78185F1E8CE863006C4D5C /* Main.storyboard */,
				1F7818621E8CE863006C4D5C /* Assets.xcassets */,
				1F7818641E8CE863006C4D5C /* LaunchScreen.storyboard */,
				1F7818671E8CE863006C4D5C /* Info.plist */,
			);
			path = "CDLX-swift";
			sourceTree = "<group>";
		};
		1F78186F1E8CE863006C4D5C /* CDLX-swiftTests */ = {
			isa = PBXGroup;
			children = (
				1F7818701E8CE863006C4D5C /* CDLX_swiftTests.swift */,
				1F7818721E8CE863006C4D5C /* Info.plist */,
			);
			path = "CDLX-swiftTests";
			sourceTree = "<group>";
		};
		1F78187A1E8CE863006C4D5C /* CDLX-swiftUITests */ = {
			isa = PBXGroup;
			children = (
				1F78187B1E8CE863006C4D5C /* CDLX_swiftUITests.swift */,
				1F78187D1E8CE863006C4D5C /* Info.plist */,
			);
			path = "CDLX-swiftUITests";
			sourceTree = "<group>";
		};
/* End PBXGroup section */

/* Begin PBXNativeTarget section */
		1F7818571E8CE863006C4D5C /* CDLX-swift */ = {
			isa = PBXNativeTarget;
			buildConfigurationList = 1F7818801E8CE863006C4D5C /* Build configuration list for PBXNativeTarget "CDLX-swift" */;
			buildPhases = (
				1F7818541E8CE863006C4D5C /* Sources */,
				1F7818551E8CE863006C4D5C /* Frameworks */,
				1F7818561E8CE863006C4D5C /* Resources */,
			);
			buildRules = (
			);
			dependencies = (
			);
			name = "CDLX-swift";
			productName = "CDLX-swift";
			productReference = 1F7818581E8CE863006C4D5C /* CDLX-swift.app */;
			productType = "com.apple.product-type.application";
		};
		1F78186B1E8CE863006C4D5C /* CDLX-swiftTests */ = {
			isa = PBXNativeTarget;
			buildConfigurationList = 1F7818831E8CE863006C4D5C /* Build configuration list for PBXNativeTarget "CDLX-swiftTests" */;
			buildPhases = (
				1F7818681E8CE863006C4D5C /* Sources */,
				1F7818691E8CE863006C4D5C /* Frameworks */,
				1F78186A1E8CE863006C4D5C /* Resources */,
			);
			buildRules = (
			);
			dependencies = (
				1F78186E1E8CE863006C4D5C /* PBXTargetDependency */,
			);
			name = "CDLX-swiftTests";
			productName = "CDLX-swiftTests";
			productReference = 1F78186C1E8CE863006C4D5C /* CDLX-swiftTests.xctest */;
			productType = "com.apple.product-type.bundle.unit-test";
		};
		1F7818761E8CE863006C4D5C /* CDLX-swiftUITests */ = {
			isa = PBXNativeTarget;
			buildConfigurationList = 1F7818861E8CE863006C4D5C /* Build configuration list for PBXNativeTarget "CDLX-swiftUITests" */;
			buildPhases = (
				1F7818731E8CE863006C4D5C /* Sources */,
				1F7818741E8CE863006C4D5C /* Frameworks */,
				1F7818751E8CE863006C4D5C /* Resources */,
			);
			buildRules = (
			);
			dependencies = (
				1F7818791E8CE863006C4D5C /* PBXTargetDependency */,
			);
			name = "CDLX-swiftUITests";
			productName = "CDLX-swiftUITests";
			productReference = 1F7818771E8CE863006C4D5C /* CDLX-swiftUITests.xctest */;
			productType = "com.apple.product-type.bundle.ui-testing";
		};
/* End PBXNativeTarget section */

/* Begin PBXProject section */
		1F7818501E8CE863006C4D5C /* Project object */ = {
			isa = PBXProject;
			attributes = {
				LastSwiftUpdateCheck = 0820;
				LastUpgradeCheck = 0820;
				ORGANIZATIONNAME = zhang;
				TargetAttributes = {
					1F7818571E8CE863006C4D5C = {
						CreatedOnToolsVersion = 8.2.1;
						ProvisioningStyle = Automatic;
					};
					1F78186B1E8CE863006C4D5C = {
						CreatedOnToolsVersion = 8.2.1;
						ProvisioningStyle = Automatic;
						TestTargetID = 1F7818571E8CE863006C4D5C;
					};
					1F7818761E8CE863006C4D5C = {
						CreatedOnToolsVersion = 8.2.1;
						ProvisioningStyle = Automatic;
						TestTargetID = 1F7818571E8CE863006C4D5C;
					};
				};
			};
			buildConfigurationList = 1F7818531E8CE863006C4D5C /* Build configuration list for PBXProject "CDLX-swift" */;
			compatibilityVersion = "Xcode 3.2";
			developmentRegion = English;
			hasScannedForEncodings = 0;
			knownRegions = (
				en,
				Base,
			);
			mainGroup = 1F78184F1E8CE863006C4D5C;
			productRefGroup = 1F7818591E8CE863006C4D5C /* Products */;
			projectDirPath = "";
			projectRoot = "";
			targets = (
				1F7818571E8CE863006C4D5C /* CDLX-swift */,
				1F78186B1E8CE863006C4D5C /* CDLX-swiftTests */,
				1F7818761E8CE863006C4D5C /* CDLX-swiftUITests */,
			);
		};
/* End PBXProject section */

/* Begin PBXResourcesBuildPhase section */
		1F7818561E8CE863006C4D5C /* Resources */ = {
			isa = PBXResourcesBuildPhase;
			buildActionMask = 2147483647;
			files = (
				1F7818661E8CE863006C4D5C /* LaunchScreen.storyboard in Resources */,
				1F7818631E8CE863006C4D5C /* Assets.xcassets in Resources */,
				1F7818611E8CE863006C4D5C /* Main.storyboard in Resources */,
			);
			runOnlyForDeploymentPostprocessing = 0;
		};
		1F78186A1E8CE863006C4D5C /* Resources */ = {
			isa = PBXResourcesBuildPhase;
			buildActionMask = 2147483647;
			files = (
			);
			runOnlyForDeploymentPostprocessing = 0;
		};
		1F7818751E8CE863006C4D5C /* Resources */ = {
			isa = PBXResourcesBuildPhase;
			buildActionMask = 2147483647;
			files = (
			);
			runOnlyForDeploymentPostprocessing = 0;
		};
/* End PBXResourcesBuildPhase section */

/* Begin PBXSourcesBuildPhase section */
		1F7818541E8CE863006C4D5C /* Sources */ = {
			isa = PBXSourcesBuildPhase;
			buildActionMask = 2147483647;
			files = (
				1F78185E1E8CE863006C4D5C /* ViewController.swift in Sources */,
				1F78185C1E8CE863006C4D5C /* AppDelegate.swift in Sources */,
			);
			runOnlyForDeploymentPostprocessing = 0;
		};
		1F7818681E8CE863006C4D5C /* Sources */ = {
			isa = PBXSourcesBuildPhase;
			buildActionMask = 2147483647;
			files = (
				1F7818711E8CE863006C4D5C /* CDLX_swiftTests.swift in Sources */,
			);
			runOnlyForDeploymentPostprocessing = 0;
		};
		1F7818731E8CE863006C4D5C /* Sources */ = {
			isa = PBXSourcesBuildPhase;
			buildActionMask = 2147483647;
			files = (
				1F78187C1E8CE863006C4D5C /* CDLX_swiftUITests.swift in Sources */,
			);
			runOnlyForDeploymentPostprocessing = 0;
		};
/* End PBXSourcesBuildPhase section */

/* Begin PBXTargetDependency section */
		1F78186E1E8CE863006C4D5C /* PBXTargetDependency */ = {
			isa = PBXTargetDependency;
			target = 1F7818571E8CE863006C4D5C /* CDLX-swift */;
			targetProxy = 1F78186D1E8CE863006C4D5C /* PBXContainerItemProxy */;
		};
		1F7818791E8CE863006C4D5C /* PBXTargetDependency */ = {
			isa = PBXTargetDependency;
			target = 1F7818571E8CE863006C4D5C /* CDLX-swift */;
			targetProxy = 1F7818781E8CE863006C4D5C /* PBXContainerItemProxy */;
		};
/* End PBXTargetDependency section */

/* Begin PBXVariantGroup section */
		1F78185F1E8CE863006C4D5C /* Main.storyboard */ = {
			isa = PBXVariantGroup;
			children = (
				1F7818601E8CE863006C4D5C /* Base */,
			);
			name = Main.storyboard;
			sourceTree = "<group>";
		};
		1F7818641E8CE863006C4D5C /* LaunchScreen.storyboard */ = {
			isa = PBXVariantGroup;
			children = (
				1F7818651E8CE863006C4D5C /* Base */,
			);
			name = LaunchScreen.storyboard;
			sourceTree = "<group>";
		};
/* End PBXVariantGroup section */

/* Begin XCBuildConfiguration section */
		1F78187E1E8CE863006C4D5C /* Debug */ = {
			isa = XCBuildConfiguration;
			buildSettings = {
				ALWAYS_SEARCH_USER_PATHS = NO;
				CLANG_ANALYZER_NONNULL = YES;
				CLANG_CXX_LANGUAGE_STANDARD = "gnu++0x";
				CLANG_CXX_LIBRARY = "libc++";
				CLANG_ENABLE_MODULES = YES;
				CLANG_ENABLE_OBJC_ARC = YES;
				CLANG_WARN_BOOL_CONVERSION = YES;
				CLANG_WARN_CONSTANT_CONVERSION = YES;
				CLANG_WARN_DIRECT_OBJC_ISA_USAGE = YES_ERROR;
				CLANG_WARN_DOCUMENTATION_COMMENTS = YES;
				CLANG_WARN_EMPTY_BODY = YES;
				CLANG_WARN_ENUM_CONVERSION = YES;
				CLANG_WARN_INFINITE_RECURSION = YES;
				CLANG_WARN_INT_CONVERSION = YES;
				CLANG_WARN_OBJC_ROOT_CLASS = YES_ERROR;
				CLANG_WARN_SUSPICIOUS_MOVE = YES;
				CLANG_WARN_UNREACHABLE_CODE = YES;
				CLANG_WARN__DUPLICATE_METHOD_MATCH = YES;
				"CODE_SIGN_IDENTITY[sdk=iphoneos*]" = "iPhone Developer";
				COPY_PHASE_STRIP = NO;
				DEBUG_INFORMATION_FORMAT = dwarf;
				ENABLE_STRICT_OBJC_MSGSEND = YES;
				ENABLE_TESTABILITY = YES;
				GCC_C_LANGUAGE_STANDARD = gnu99;
				GCC_DYNAMIC_NO_PIC = NO;
				GCC_NO_COMMON_BLOCKS = YES;
				GCC_OPTIMIZATION_LEVEL = 0;
				GCC_PREPROCESSOR_DEFINITIONS = (
					"DEBUG=1",
					"$(inherited)",
				);
				GCC_WARN_64_TO_32_BIT_CONVERSION = YES;
				GCC_WARN_ABOUT_RETURN_TYPE = YES_ERROR;
				GCC_WARN_UNDECLARED_SELECTOR = YES;
				GCC_WARN_UNINITIALIZED_AUTOS = YES_AGGRESSIVE;
				GCC_WARN_UNUSED_FUNCTION = YES;
				GCC_WARN_UNUSED_VARIABLE = YES;
				IPHONEOS_DEPLOYMENT_TARGET = 10.2;
				MTL_ENABLE_DEBUG_INFO = YES;
				ONLY_ACTIVE_ARCH = YES;
				SDKROOT = iphoneos;
				SWIFT_ACTIVE_COMPILATION_CONDITIONS = DEBUG;
				SWIFT_OPTIMIZATION_LEVEL = "-Onone";
			};
			name = Debug;
		};
		1F78187F1E8CE863006C4D5C /* Release */ = {
			isa = XCBuildConfiguration;
			buildSettings = {
				ALWAYS_SEARCH_USER_PATHS = NO;
				CLANG_ANALYZER_NONNULL = YES;
				CLANG_CXX_LANGUAGE_STANDARD = "gnu++0x";
				CLANG_CXX_LIBRARY = "libc++";
				CLANG_ENABLE_MODULES = YES;
				CLANG_ENABLE_OBJC_ARC = YES;
				CLANG_WARN_BOOL_CONVERSION = YES;
				CLANG_WARN_CONSTANT_CONVERSION = YES;
				CLANG_WARN_DIRECT_OBJC_ISA_USAGE = YES_ERROR;
				CLANG_WARN_DOCUMENTATION_COMMENTS = YES;
				CLANG_WARN_EMPTY_BODY = YES;
				CLANG_WARN_ENUM_CONVERSION = YES;
				CLANG_WARN_INFINITE_RECURSION = YES;
				CLANG_WARN_INT_CONVERSION = YES;
				CLANG_WARN_OBJC_ROOT_CLASS = YES_ERROR;
				CLANG_WARN_SUSPICIOUS_MOVE = YES;
				CLANG_WARN_UNREACHABLE_CODE = YES;
				CLANG_WARN__DUPLICATE_METHOD_MATCH = YES;
				"CODE_SIGN_IDENTITY[sdk=iphoneos*]" = "iPhone Developer";
				COPY_PHASE_STRIP = NO;
				DEBUG_INFORMATION_FORMAT = "dwarf-with-dsym";
				ENABLE_NS_ASSERTIONS = NO;
				ENABLE_STRICT_OBJC_MSGSEND = YES;
				GCC_C_LANGUAGE_STANDARD = gnu99;
				GCC_NO_COMMON_BLOCKS = YES;
				GCC_WARN_64_TO_32_BIT_CONVERSION = YES;
				GCC_WARN_ABOUT_RETURN_TYPE = YES_ERROR;
				GCC_WARN_UNDECLARED_SELECTOR = YES;
				GCC_WARN_UNINITIALIZED_AUTOS = YES_AGGRESSIVE;
				GCC_WARN_UNUSED_FUNCTION = YES;
				GCC_WARN_UNUSED_VARIABLE = YES;
				IPHONEOS_DEPLOYMENT_TARGET = 10.2;
				MTL_ENABLE_DEBUG_INFO = NO;
				SDKROOT = iphoneos;
				SWIFT_OPTIMIZATION_LEVEL = "-Owholemodule";
				VALIDATE_PRODUCT = YES;
			};
			name = Release;
		};
		1F7818811E8CE863006C4D5C /* Debug */ = {
			isa = XCBuildConfiguration;
			buildSettings = {
				ASSETCATALOG_COMPILER_APPICON_NAME = AppIcon;
				INFOPLIST_FILE = "CDLX-swift/Info.plist";
				LD_RUNPATH_SEARCH_PATHS = "$(inherited) @executable_path/Frameworks";
				PRODUCT_BUNDLE_IDENTIFIER = "----.CDLX-swift";
				PRODUCT_NAME = "$(TARGET_NAME)";
				SWIFT_VERSION = 3.0;
			};
			name = Debug;
		};
		1F7818821E8CE863006C4D5C /* Release */ = {
			isa = XCBuildConfiguration;
			buildSettings = {
				ASSETCATALOG_COMPILER_APPICON_NAME = AppIcon;
				INFOPLIST_FILE = "CDLX-swift/Info.plist";
				LD_RUNPATH_SEARCH_PATHS = "$(inherited) @executable_path/Frameworks";
				PRODUCT_BUNDLE_IDENTIFIER = "----.CDLX-swift";
				PRODUCT_NAME = "$(TARGET_NAME)";
				SWIFT_VERSION = 3.0;
			};
			name = Release;
		};
		1F7818841E8CE863006C4D5C /* Debug */ = {
			isa = XCBuildConfiguration;
			buildSettings = {
				ALWAYS_EMBED_SWIFT_STANDARD_LIBRARIES = YES;
				BUNDLE_LOADER = "$(TEST_HOST)";
				INFOPLIST_FILE = "CDLX-swiftTests/Info.plist";
				LD_RUNPATH_SEARCH_PATHS = "$(inherited) @executable_path/Frameworks @loader_path/Frameworks";
				PRODUCT_BUNDLE_IDENTIFIER = "----.CDLX-swiftTests";
				PRODUCT_NAME = "$(TARGET_NAME)";
				SWIFT_VERSION = 3.0;
				TEST_HOST = "$(BUILT_PRODUCTS_DIR)/CDLX-swift.app/CDLX-swift";
			};
			name = Debug;
		};
		1F7818851E8CE863006C4D5C /* Release */ = {
			isa = XCBuildConfiguration;
			buildSettings = {
				ALWAYS_EMBED_SWIFT_STANDARD_LIBRARIES = YES;
				BUNDLE_LOADER = "$(TEST_HOST)";
				INFOPLIST_FILE = "CDLX-swiftTests/Info.plist";
				LD_RUNPATH_SEARCH_PATHS = "$(inherited) @executable_path/Frameworks @loader_path/Frameworks";
				PRODUCT_BUNDLE_IDENTIFIER = "----.CDLX-swiftTests";
				PRODUCT_NAME = "$(TARGET_NAME)";
				SWIFT_VERSION = 3.0;
				TEST_HOST = "$(BUILT_PRODUCTS_DIR)/CDLX-swift.app/CDLX-swift";
			};
			name = Release;
		};
		1F7818871E8CE863006C4D5C /* Debug */ = {
			isa = XCBuildConfiguration;
			buildSettings = {
				ALWAYS_EMBED_SWIFT_STANDARD_LIBRARIES = YES;
				INFOPLIST_FILE = "CDLX-swiftUITests/Info.plist";
				LD_RUNPATH_SEARCH_PATHS = "$(inherited) @executable_path/Frameworks @loader_path/Frameworks";
				PRODUCT_BUNDLE_IDENTIFIER = "----.CDLX-swiftUITests";
				PRODUCT_NAME = "$(TARGET_NAME)";
				SWIFT_VERSION = 3.0;
				TEST_TARGET_NAME = "CDLX-swift";
			};
			name = Debug;
		};
		1F7818881E8CE863006C4D5C /* Release */ = {
			isa = XCBuildConfiguration;
			buildSettings = {
				ALWAYS_EMBED_SWIFT_STANDARD_LIBRARIES = YES;
				INFOPLIST_FILE = "CDLX-swiftUITests/Info.plist";
				LD_RUNPATH_SEARCH_PATHS = "$(inherited) @executable_path/Frameworks @loader_path/Frameworks";
				PRODUCT_BUNDLE_IDENTIFIER = "----.CDLX-swiftUITests";
				PRODUCT_NAME = "$(TARGET_NAME)";
				SWIFT_VERSION = 3.0;
				TEST_TARGET_NAME = "CDLX-swift";
			};
			name = Release;
		};
/* End XCBuildConfiguration section */

/* Begin XCConfigurationList section */
		1F7818531E8CE863006C4D5C /* Build configuration list for PBXProject "CDLX-swift" */ = {
			isa = XCConfigurationList;
			buildConfigurations = (
				1F78187E1E8CE863006C4D5C /* Debug */,
				1F78187F1E8CE863006C4D5C /* Release */,
			);
			defaultConfigurationIsVisible = 0;
			defaultConfigurationName = Release;
		};
		1F7818801E8CE863006C4D5C /* Build configuration list for PBXNativeTarget "CDLX-swift" */ = {
			isa = XCConfigurationList;
			buildConfigurations = (
				1F7818811E8CE863006C4D5C /* Debug */,
				1F7818821E8CE863006C4D5C /* Release */,
			);
			defaultConfigurationIsVisible = 0;
		};
		1F7818831E8CE863006C4D5C /* Build configuration list for PBXNativeTarget "CDLX-swiftTests" */ = {
			isa = XCConfigurationList;
			buildConfigurations = (
				1F7818841E8CE863006C4D5C /* Debug */,
				1F7818851E8CE863006C4D5C /* Release */,
			);
			defaultConfigurationIsVisible = 0;
		};
		1F7818861E8CE863006C4D5C /* Build configuration list for PBXNativeTarget "CDLX-swiftUITests" */ = {
			isa = XCConfigurationList;
			buildConfigurations = (
				1F7818871E8CE863006C4D5C /* Debug */,
				1F7818881E8CE863006C4D5C /* Release */,
			);
			defaultConfigurationIsVisible = 0;
		};
/* End XCConfigurationList section */
	};
	rootObject = 1F7818501E8CE863006C4D5C /* Project object */;
}
